
Microsoft Visual Studio Solution File, Format Version 12.00
# Visual Studio Version 16
VisualStudioVersion = 16.0.30907.101
MinimumVisualStudioVersion = 10.0.40219.1
Project("{FAE04EC0-301F-11D3-BF4B-00C04F79EFBC}") = "Ch04MovieList", "Ch04MovieList.csproj", "{EFFCDE76-DAAE-4CE1-8340-341CE8180A96}"
EndProject
Global
	GlobalSection(SolutionConfigurationPlatforms) = preSolution
		Debug|Any CPU = Debug|Any CPU
		Release|Any CPU = Release|Any CPU
	EndGlobalSection
	GlobalSection(ProjectConfigurationPlatforms) = postSolution
		{EFFCDE76-DAAE-4CE1-8340-341CE8180A96}.Debug|Any CPU.ActiveCfg = Debug|Any CPU
		{EFFCDE76-DAAE-4CE1-8340-341CE8180A96}.Debug|Any CPU.Build.0 = Debug|Any CPU
		{EFFCDE76-DAAE-4CE1-8340-341CE8180A96}.Release|Any CPU.ActiveCfg = Release|Any CPU
		{EFFCDE76-DAAE-4CE1-8340-341CE8180A96}.Release|Any CPU.Build.0 = Release|Any CPU
	EndGlobalSection
	GlobalSection(SolutionProperties) = preSolution
		HideSolutionNode = FALSE
	EndGlobalSection
	GlobalSection(ExtensibilityGlobals) = postSolution
		SolutionGuid = {8366F027-53C9-461A-9F98-50392AF04271}
	EndGlobalSection
EndGlobal
